
Microsoft Visual Studio Solution File, Format Version 12.00
# Visual Studio Version 17
VisualStudioVersion = 17.0.31903.59
MinimumVisualStudioVersion = 10.0.40219.1
Project("{9A19103F-16F7-4668-BE54-9A1E7A4F7556}") = "Net.All", "Net.All\Net.All.csproj", "{A881DB5B-5D84-4FF5-8144-FB382B966B0D}"
EndProject
Project("{9A19103F-16F7-4668-BE54-9A1E7A4F7556}") = "Net.AllTest", "Net.AllTest\Net.AllTest.csproj", "{AF755F8B-0DD8-4AB7-8717-825F9BB20D7D}"
EndProject
Global
	GlobalSection(SolutionConfigurationPlatforms) = preSolution
		Debug|Any CPU = Debug|Any CPU
		Release|Any CPU = Release|Any CPU
	EndGlobalSection
	GlobalSection(ProjectConfigurationPlatforms) = postSolution
		{A881DB5B-5D84-4FF5-8144-FB382B966B0D}.Debug|Any CPU.ActiveCfg = Debug|Any CPU
		{A881DB5B-5D84-4FF5-8144-FB382B966B0D}.Debug|Any CPU.Build.0 = Debug|Any CPU
		{A881DB5B-5D84-4FF5-8144-FB382B966B0D}.Release|Any CPU.ActiveCfg = Release|Any CPU
		{A881DB5B-5D84-4FF5-8144-FB382B966B0D}.Release|Any CPU.Build.0 = Release|Any CPU
		{AF755F8B-0DD8-4AB7-8717-825F9BB20D7D}.Debug|Any CPU.ActiveCfg = Debug|Any CPU
		{AF755F8B-0DD8-4AB7-8717-825F9BB20D7D}.Debug|Any CPU.Build.0 = Debug|Any CPU
		{AF755F8B-0DD8-4AB7-8717-825F9BB20D7D}.Release|Any CPU.ActiveCfg = Release|Any CPU
		{AF755F8B-0DD8-4AB7-8717-825F9BB20D7D}.Release|Any CPU.Build.0 = Release|Any CPU
	EndGlobalSection
	GlobalSection(SolutionProperties) = preSolution
		HideSolutionNode = FALSE
	EndGlobalSection
	GlobalSection(ExtensibilityGlobals) = postSolution
		SolutionGuid = {5D7506DE-9836-4E80-B789-B5FE529E29B4}
	EndGlobalSection
EndGlobal
